
Microsoft Visual Studio Solution File, Format Version 12.00
# Visual Studio 14
VisualStudioVersion = 14.0.25420.1
MinimumVisualStudioVersion = 10.0.40219.1
Project("{FAE04EC0-301F-11D3-BF4B-00C04F79EFBC}") = "LearningApp.Android", "LearningApp\LearningApp.Android\LearningApp.Android.csproj", "{5D94DB83-FB2F-47A1-8C05-E2FD4F6DC341}"
EndProject
Project("{FAE04EC0-301F-11D3-BF4B-00C04F79EFBC}") = "LearningApp", "LearningApp\LearningApp\LearningApp.csproj", "{6AA52338-F537-4205-82EB-25BECF124DBD}"
EndProject
Project("{FAE04EC0-301F-11D3-BF4B-00C04F79EFBC}") = "LearningApp.iOS", "LearningApp\LearningApp.iOS\LearningApp.iOS.csproj", "{853D129D-0024-439A-AF0C-81F7584D696D}"
EndProject
Global
	GlobalSection(SolutionConfigurationPlatforms) = preSolution
		Ad-Hoc|Any CPU = Ad-Hoc|Any CPU
		Ad-Hoc|ARM = Ad-Hoc|ARM
		Ad-Hoc|iPhone = Ad-Hoc|iPhone
		Ad-Hoc|iPhoneSimulator = Ad-Hoc|iPhoneSimulator
		Ad-Hoc|x64 = Ad-Hoc|x64
		Ad-Hoc|x86 = Ad-Hoc|x86
		AppStore|Any CPU = AppStore|Any CPU
		AppStore|ARM = AppStore|ARM
		AppStore|iPhone = AppStore|iPhone
		AppStore|iPhoneSimulator = AppStore|iPhoneSimulator
		AppStore|x64 = AppStore|x64
		AppStore|x86 = AppStore|x86
		Debug|Any CPU = Debug|Any CPU
		Debug|ARM = Debug|ARM
		Debug|iPhone = Debug|iPhone
		Debug|iPhoneSimulator = Debug|iPhoneSimulator
		Debug|x64 = Debug|x64
		Debug|x86 = Debug|x86
		Release|Any CPU = Release|Any CPU
		Release|ARM = Release|ARM
		Release|iPhone = Release|iPhone
		Release|iPhoneSimulator = Release|iPhoneSimulator
		Release|x64 = Release|x64
		Release|x86 = Release|x86
	EndGlobalSection
	GlobalSection(ProjectConfigurationPlatforms) = postSolution
		{5D94DB83-FB2F-47A1-8C05-E2FD4F6DC341}.Ad-Hoc|Any CPU.ActiveCfg = Release|Any CPU
		{5D94DB83-FB2F-47A1-8C05-E2FD4F6DC341}.Ad-Hoc|Any CPU.Build.0 = Release|Any CPU
		{5D94DB83-FB2F-47A1-8C05-E2FD4F6DC341}.Ad-Hoc|Any CPU.Deploy.0 = Release|Any CPU
		{5D94DB83-FB2F-47A1-8C05-E2FD4F6DC341}.Ad-Hoc|ARM.ActiveCfg = Release|Any CPU
		{5D94DB83-FB2F-47A1-8C05-E2FD4F6DC341}.Ad-Hoc|ARM.Build.0 = Release|Any CPU
		{5D94DB83-FB2F-47A1-8C05-E2FD4F6DC341}.Ad-Hoc|ARM.Deploy.0 = Release|Any CPU
		{5D94DB83-FB2F-47A1-8C05-E2FD4F6DC341}.Ad-Hoc|iPhone.ActiveCfg = Release|Any CPU
		{5D94DB83-FB2F-47A1-8C05-E2FD4F6DC341}.Ad-Hoc|iPhone.Build.0 = Release|Any CPU
		{5D94DB83-FB2F-47A1-8C05-E2FD4F6DC341}.Ad-Hoc|iPhone.Deploy.0 = Release|Any CPU
		{5D94DB83-FB2F-47A1-8C05-E2FD4F6DC341}.Ad-Hoc|iPhoneSimulator.ActiveCfg = Release|Any CPU
		{5D94DB83-FB2F-47A1-8C05-E2FD4F6DC341}.Ad-Hoc|iPhoneSimulator.Build.0 = Release|Any CPU
		{5D94DB83-FB2F-47A1-8C05-E2FD4F6DC341}.Ad-Hoc|iPhoneSimulator.Deploy.0 = Release|Any CPU
		{5D94DB83-FB2F-47A1-8C05-E2FD4F6DC341}.Ad-Hoc|x64.ActiveCfg = Release|Any CPU
		{5D94DB83-FB2F-47A1-8C05-E2FD4F6DC341}.Ad-Hoc|x64.Build.0 = Release|Any CPU
		{5D94DB83-FB2F-47A1-8C05-E2FD4F6DC341}.Ad-Hoc|x64.Deploy.0 = Release|Any CPU
		{5D94DB83-FB2F-47A1-8C05-E2FD4F6DC341}.Ad-Hoc|x86.ActiveCfg = Release|Any CPU
		{5D94DB83-FB2F-47A1-8C05-E2FD4F6DC341}.Ad-Hoc|x86.Build.0 = Release|Any CPU
		{5D94DB83-FB2F-47A1-8C05-E2FD4F6DC341}.Ad-Hoc|x86.Deploy.0 = Release|Any CPU
		{5D94DB83-FB2F-47A1-8C05-E2FD4F6DC341}.AppStore|Any CPU.ActiveCfg = Release|Any CPU
		{5D94DB83-FB2F-47A1-8C05-E2FD4F6DC341}.AppStore|Any CPU.Build.0 = Release|Any CPU
		{5D94DB83-FB2F-47A1-8C05-E2FD4F6DC341}.AppStore|Any CPU.Deploy.0 = Release|Any CPU
		{5D94DB83-FB2F-47A1-8C05-E2FD4F6DC341}.AppStore|ARM.ActiveCfg = Release|Any CPU
		{5D94DB83-FB2F-47A1-8C05-E2FD4F6DC341}.AppStore|ARM.Build.0 = Release|Any CPU
		{5D94DB83-FB2F-47A1-8C05-E2FD4F6DC341}.AppStore|ARM.Deploy.0 = Release|Any CPU
		{5D94DB83-FB2F-47A1-8C05-E2FD4F6DC341}.AppStore|iPhone.ActiveCfg = Release|Any CPU
		{5D94DB83-FB2F-47A1-8C05-E2FD4F6DC341}.AppStore|iPhone.Build.0 = Release|Any CPU
		{5D94DB83-FB2F-47A1-8C05-E2FD4F6DC341}.AppStore|iPhone.Deploy.0 = Release|Any CPU
		{5D94DB83-FB2F-47A1-8C05-E2FD4F6DC341}.AppStore|iPhoneSimulator.ActiveCfg = Release|Any CPU
		{5D94DB83-FB2F-47A1-8C05-E2FD4F6DC341}.AppStore|iPhoneSimulator.Build.0 = Release|Any CPU
		{5D94DB83-FB2F-47A1-8C05-E2FD4F6DC341}.AppStore|iPhoneSimulator.Deploy.0 = Release|Any CPU
		{5D94DB83-FB2F-47A1-8C05-E2FD4F6DC341}.AppStore|x64.ActiveCfg = Release|Any CPU
		{5D94DB83-FB2F-47A1-8C05-E2FD4F6DC341}.AppStore|x64.Build.0 = Release|Any CPU
		{5D94DB83-FB2F-47A1-8C05-E2FD4F6DC341}.AppStore|x64.Deploy.0 = Release|Any CPU
		{5D94DB83-FB2F-47A1-8C05-E2FD4F6DC341}.AppStore|x86.ActiveCfg = Release|Any CPU
		{5D94DB83-FB2F-47A1-8C05-E2FD4F6DC341}.AppStore|x86.Build.0 = Release|Any CPU
		{5D94DB83-FB2F-47A1-8C05-E2FD4F6DC341}.AppStore|x86.Deploy.0 = Release|Any CPU
		{5D94DB83-FB2F-47A1-8C05-E2FD4F6DC341}.Debug|Any CPU.ActiveCfg = Debug|Any CPU
		{5D94DB83-FB2F-47A1-8C05-E2FD4F6DC341}.Debug|Any CPU.Build.0 = Debug|Any CPU
		{5D94DB83-FB2F-47A1-8C05-E2FD4F6DC341}.Debug|Any CPU.Deploy.0 = Debug|Any CPU
		{5D94DB83-FB2F-47A1-8C05-E2FD4F6DC341}.Debug|ARM.ActiveCfg = Debug|Any CPU
		{5D94DB83-FB2F-47A1-8C05-E2FD4F6DC341}.Debug|ARM.Build.0 = Debug|Any CPU
		{5D94DB83-FB2F-47A1-8C05-E2FD4F6DC341}.Debug|ARM.Deploy.0 = Debug|Any CPU
		{5D94DB83-FB2F-47A1-8C05-E2FD4F6DC341}.Debug|iPhone.ActiveCfg = Debug|Any CPU
		{5D94DB83-FB2F-47A1-8C05-E2FD4F6DC341}.Debug|iPhone.Build.0 = Debug|Any CPU
		{5D94DB83-FB2F-47A1-8C05-E2FD4F6DC341}.Debug|iPhone.Deploy.0 = Debug|Any CPU
		{5D94DB83-FB2F-47A1-8C05-E2FD4F6DC341}.Debug|iPhoneSimulator.ActiveCfg = Debug|Any CPU
		{5D94DB83-FB2F-47A1-8C05-E2FD4F6DC341}.Debug|iPhoneSimulator.Build.0 = Debug|Any CPU
		{5D94DB83-FB2F-47A1-8C05-E2FD4F6DC341}.Debug|iPhoneSimulator.Deploy.0 = Debug|Any CPU
		{5D94DB83-FB2F-47A1-8C05-E2FD4F6DC341}.Debug|x64.ActiveCfg = Debug|Any CPU
		{5D94DB83-FB2F-47A1-8C05-E2FD4F6DC341}.Debug|x64.Build.0 = Debug|Any CPU
		{5D94DB83-FB2F-47A1-8C05-E2FD4F6DC341}.Debug|x64.Deploy.0 = Debug|Any CPU
		{5D94DB83-FB2F-47A1-8C05-E2FD4F6DC341}.Debug|x86.ActiveCfg = Debug|Any CPU
		{5D94DB83-FB2F-47A1-8C05-E2FD4F6DC341}.Debug|x86.Build.0 = Debug|Any CPU
		{5D94DB83-FB2F-47A1-8C05-E2FD4F6DC341}.Debug|x86.Deploy.0 = Debug|Any CPU
		{5D94DB83-FB2F-47A1-8C05-E2FD4F6DC341}.Release|Any CPU.ActiveCfg = Release|Any CPU
		{5D94DB83-FB2F-47A1-8C05-E2FD4F6DC341}.Release|Any CPU.Build.0 = Release|Any CPU
		{5D94DB83-FB2F-47A1-8C05-E2FD4F6DC341}.Release|Any CPU.Deploy.0 = Release|Any CPU
		{5D94DB83-FB2F-47A1-8C05-E2FD4F6DC341}.Release|ARM.ActiveCfg = Release|Any CPU
		{5D94DB83-FB2F-47A1-8C05-E2FD4F6DC341}.Release|ARM.Build.0 = Release|Any CPU
		{5D94DB83-FB2F-47A1-8C05-E2FD4F6DC341}.Release|ARM.Deploy.0 = Release|Any CPU
		{5D94DB83-FB2F-47A1-8C05-E2FD4F6DC341}.Release|iPhone.ActiveCfg = Release|Any CPU
		{5D94DB83-FB2F-47A1-8C05-E2FD4F6DC341}.Release|iPhone.Build.0 = Release|Any CPU
		{5D94DB83-FB2F-47A1-8C05-E2FD4F6DC341}.Release|iPhone.Deploy.0 = Release|Any CPU
		{5D94DB83-FB2F-47A1-8C05-E2FD4F6DC341}.Release|iPhoneSimulator.ActiveCfg = Release|Any CPU
		{5D94DB83-FB2F-47A1-8C05-E2FD4F6DC341}.Release|iPhoneSimulator.Build.0 = Release|Any CPU
		{5D94DB83-FB2F-47A1-8C05-E2FD4F6DC341}.Release|iPhoneSimulator.Deploy.0 = Release|Any CPU
		{5D94DB83-FB2F-47A1-8C05-E2FD4F6DC341}.Release|x64.ActiveCfg = Release|Any CPU
		{5D94DB83-FB2F-47A1-8C05-E2FD4F6DC341}.Release|x64.Build.0 = Release|Any CPU
		{5D94DB83-FB2F-47A1-8C05-E2FD4F6DC341}.Release|x64.Deploy.0 = Release|Any CPU
		{5D94DB83-FB2F-47A1-8C05-E2FD4F6DC341}.Release|x86.ActiveCfg = Release|Any CPU
		{5D94DB83-FB2F-47A1-8C05-E2FD4F6DC341}.Release|x86.Build.0 = Release|Any CPU
		{5D94DB83-FB2F-47A1-8C05-E2FD4F6DC341}.Release|x86.Deploy.0 = Release|Any CPU
		{6AA52338-F537-4205-82EB-25BECF124DBD}.Ad-Hoc|Any CPU.ActiveCfg = Release|Any CPU
		{6AA52338-F537-4205-82EB-25BECF124DBD}.Ad-Hoc|Any CPU.Build.0 = Release|Any CPU
		{6AA52338-F537-4205-82EB-25BECF124DBD}.Ad-Hoc|ARM.ActiveCfg = Release|Any CPU
		{6AA52338-F537-4205-82EB-25BECF124DBD}.Ad-Hoc|ARM.Build.0 = Release|Any CPU
		{6AA52338-F537-4205-82EB-25BECF124DBD}.Ad-Hoc|iPhone.ActiveCfg = Release|Any CPU
		{6AA52338-F537-4205-82EB-25BECF124DBD}.Ad-Hoc|iPhone.Build.0 = Release|Any CPU
		{6AA52338-F537-4205-82EB-25BECF124DBD}.Ad-Hoc|iPhoneSimulator.ActiveCfg = Release|Any CPU
		{6AA52338-F537-4205-82EB-25BECF124DBD}.Ad-Hoc|iPhoneSimulator.Build.0 = Release|Any CPU
		{6AA52338-F537-4205-82EB-25BECF124DBD}.Ad-Hoc|x64.ActiveCfg = Release|Any CPU
		{6AA52338-F537-4205-82EB-25BECF124DBD}.Ad-Hoc|x64.Build.0 = Release|Any CPU
		{6AA52338-F537-4205-82EB-25BECF124DBD}.Ad-Hoc|x86.ActiveCfg = Release|Any CPU
		{6AA52338-F537-4205-82EB-25BECF124DBD}.Ad-Hoc|x86.Build.0 = Release|Any CPU
		{6AA52338-F537-4205-82EB-25BECF124DBD}.AppStore|Any CPU.ActiveCfg = Release|Any CPU
		{6AA52338-F537-4205-82EB-25BECF124DBD}.AppStore|Any CPU.Build.0 = Release|Any CPU
		{6AA52338-F537-4205-82EB-25BECF124DBD}.AppStore|ARM.ActiveCfg = Release|Any CPU
		{6AA52338-F537-4205-82EB-25BECF124DBD}.AppStore|ARM.Build.0 = Release|Any CPU
		{6AA52338-F537-4205-82EB-25BECF124DBD}.AppStore|iPhone.ActiveCfg = Release|Any CPU
		{6AA52338-F537-4205-82EB-25BECF124DBD}.AppStore|iPhone.Build.0 = Release|Any CPU
		{6AA52338-F537-4205-82EB-25BECF124DBD}.AppStore|iPhoneSimulator.ActiveCfg = Release|Any CPU
		{6AA52338-F537-4205-82EB-25BECF124DBD}.AppStore|iPhoneSimulator.Build.0 = Release|Any CPU
		{6AA52338-F537-4205-82EB-25BECF124DBD}.AppStore|x64.ActiveCfg = Release|Any CPU
		{6AA52338-F537-4205-82EB-25BECF124DBD}.AppStore|x64.Build.0 = Release|Any CPU
		{6AA52338-F537-4205-82EB-25BECF124DBD}.AppStore|x86.ActiveCfg = Release|Any CPU
		{6AA52338-F537-4205-82EB-25BECF124DBD}.AppStore|x86.Build.0 = Release|Any CPU
		{6AA52338-F537-4205-82EB-25BECF124DBD}.Debug|Any CPU.ActiveCfg = Debug|Any CPU
		{6AA52338-F537-4205-82EB-25BECF124DBD}.Debug|Any CPU.Build.0 = Debug|Any CPU
		{6AA52338-F537-4205-82EB-25BECF124DBD}.Debug|ARM.ActiveCfg = Debug|Any CPU
		{6AA52338-F537-4205-82EB-25BECF124DBD}.Debug|ARM.Build.0 = Debug|Any CPU
		{6AA52338-F537-4205-82EB-25BECF124DBD}.Debug|iPhone.ActiveCfg = Debug|Any CPU
		{6AA52338-F537-4205-82EB-25BECF124DBD}.Debug|iPhone.Build.0 = Debug|Any CPU
		{6AA52338-F537-4205-82EB-25BECF124DBD}.Debug|iPhoneSimulator.ActiveCfg = Debug|Any CPU
		{6AA52338-F537-4205-82EB-25BECF124DBD}.Debug|iPhoneSimulator.Build.0 = Debug|Any CPU
		{6AA52338-F537-4205-82EB-25BECF124DBD}.Debug|x64.ActiveCfg = Debug|Any CPU
		{6AA52338-F537-4205-82EB-25BECF124DBD}.Debug|x64.Build.0 = Debug|Any CPU
		{6AA52338-F537-4205-82EB-25BECF124DBD}.Debug|x86.ActiveCfg = Debug|Any CPU
		{6AA52338-F537-4205-82EB-25BECF124DBD}.Debug|x86.Build.0 = Debug|Any CPU
		{6AA52338-F537-4205-82EB-25BECF124DBD}.Release|Any CPU.ActiveCfg = Release|Any CPU
		{6AA52338-F537-4205-82EB-25BECF124DBD}.Release|Any CPU.Build.0 = Release|Any CPU
		{6AA52338-F537-4205-82EB-25BECF124DBD}.Release|ARM.ActiveCfg = Release|Any CPU
		{6AA52338-F537-4205-82EB-25BECF124DBD}.Release|ARM.Build.0 = Release|Any CPU
		{6AA52338-F537-4205-82EB-25BECF124DBD}.Release|iPhone.ActiveCfg = Release|Any CPU
		{6AA52338-F537-4205-82EB-25BECF124DBD}.Release|iPhone.Build.0 = Release|Any CPU
		{6AA52338-F537-4205-82EB-25BECF124DBD}.Release|iPhoneSimulator.ActiveCfg = Release|Any CPU
		{6AA52338-F537-4205-82EB-25BECF124DBD}.Release|iPhoneSimulator.Build.0 = Release|Any CPU
		{6AA52338-F537-4205-82EB-25BECF124DBD}.Release|x64.ActiveCfg = Release|Any CPU
		{6AA52338-F537-4205-82EB-25BECF124DBD}.Release|x64.Build.0 = Release|Any CPU
		{6AA52338-F537-4205-82EB-25BECF124DBD}.Release|x86.ActiveCfg = Release|Any CPU
		{6AA52338-F537-4205-82EB-25BECF124DBD}.Release|x86.Build.0 = Release|Any CPU
		{853D129D-0024-439A-AF0C-81F7584D696D}.Ad-Hoc|Any CPU.ActiveCfg = Ad-Hoc|iPhone
		{853D129D-0024-439A-AF0C-81F7584D696D}.Ad-Hoc|ARM.ActiveCfg = Ad-Hoc|iPhone
		{853D129D-0024-439A-AF0C-81F7584D696D}.Ad-Hoc|iPhone.ActiveCfg = Ad-Hoc|iPhone
		{853D129D-0024-439A-AF0C-81F7584D696D}.Ad-Hoc|iPhone.Build.0 = Ad-Hoc|iPhone
		{853D129D-0024-439A-AF0C-81F7584D696D}.Ad-Hoc|iPhoneSimulator.ActiveCfg = Ad-Hoc|iPhoneSimulator
		{853D129D-0024-439A-AF0C-81F7584D696D}.Ad-Hoc|iPhoneSimulator.Build.0 = Ad-Hoc|iPhoneSimulator
		{853D129D-0024-439A-AF0C-81F7584D696D}.Ad-Hoc|x64.ActiveCfg = Ad-Hoc|iPhone
		{853D129D-0024-439A-AF0C-81F7584D696D}.Ad-Hoc|x86.ActiveCfg = Ad-Hoc|iPhone
		{853D129D-0024-439A-AF0C-81F7584D696D}.AppStore|Any CPU.ActiveCfg = AppStore|iPhone
		{853D129D-0024-439A-AF0C-81F7584D696D}.AppStore|ARM.ActiveCfg = AppStore|iPhone
		{853D129D-0024-439A-AF0C-81F7584D696D}.AppStore|iPhone.ActiveCfg = AppStore|iPhone
		{853D129D-0024-439A-AF0C-81F7584D696D}.AppStore|iPhone.Build.0 = AppStore|iPhone
		{853D129D-0024-439A-AF0C-81F7584D696D}.AppStore|iPhoneSimulator.ActiveCfg = AppStore|iPhoneSimulator
		{853D129D-0024-439A-AF0C-81F7584D696D}.AppStore|iPhoneSimulator.Build.0 = AppStore|iPhoneSimulator
		{853D129D-0024-439A-AF0C-81F7584D696D}.AppStore|x64.ActiveCfg = AppStore|iPhone
		{853D129D-0024-439A-AF0C-81F7584D696D}.AppStore|x86.ActiveCfg = AppStore|iPhone
		{853D129D-0024-439A-AF0C-81F7584D696D}.Debug|Any CPU.ActiveCfg = Debug|iPhone
		{853D129D-0024-439A-AF0C-81F7584D696D}.Debug|ARM.ActiveCfg = Debug|iPhone
		{853D129D-0024-439A-AF0C-81F7584D696D}.Debug|iPhone.ActiveCfg = Debug|iPhone
		{853D129D-0024-439A-AF0C-81F7584D696D}.Debug|iPhone.Build.0 = Debug|iPhone
		{853D129D-0024-439A-AF0C-81F7584D696D}.Debug|iPhoneSimulator.ActiveCfg = Debug|iPhoneSimulator
		{853D129D-0024-439A-AF0C-81F7584D696D}.Debug|iPhoneSimulator.Build.0 = Debug|iPhoneSimulator
		{853D129D-0024-439A-AF0C-81F7584D696D}.Debug|x64.ActiveCfg = Debug|iPhone
		{853D129D-0024-439A-AF0C-81F7584D696D}.Debug|x86.ActiveCfg = Debug|iPhone
		{853D129D-0024-439A-AF0C-81F7584D696D}.Release|Any CPU.ActiveCfg = Release|iPhone
		{853D129D-0024-439A-AF0C-81F7584D696D}.Release|ARM.ActiveCfg = Release|iPhone
		{853D129D-0024-439A-AF0C-81F7584D696D}.Release|iPhone.ActiveCfg = Release|iPhone
		{853D129D-0024-439A-AF0C-81F7584D696D}.Release|iPhone.Build.0 = Release|iPhone
		{853D129D-0024-439A-AF0C-81F7584D696D}.Release|iPhoneSimulator.ActiveCfg = Release|iPhoneSimulator
		{853D129D-0024-439A-AF0C-81F7584D696D}.Release|iPhoneSimulator.Build.0 = Release|iPhoneSimulator
		{853D129D-0024-439A-AF0C-81F7584D696D}.Release|x64.ActiveCfg = Release|iPhone
		{853D129D-0024-439A-AF0C-81F7584D696D}.Release|x86.ActiveCfg = Release|iPhone
	EndGlobalSection
	GlobalSection(SolutionProperties) = preSolution
		HideSolutionNode = FALSE
	EndGlobalSection
EndGlobal
